<?xml version="1.0" encoding="UTF-8" standalone="yes" ?>
<CodeBlocks_project_file>
   <FileVersion major="1" minor="6" />
   <Project>
      <Option title="wordcount" />
      <Option makefile_is_custom="1" />
      <Option compiler="gcc" />
      <Option virtualFolders="CMake Files\;" />
      <Build>
      <Target title="all">
         <Option working_dir="/home/dae/data/lab02/wordcount" />
         <Option type="4" />
         <MakeCommands>
            <Build command="/usr/bin/gmake -f &quot;/home/dae/data/lab02/wordcount/Makefile&quot;  VERBOSE=1 all" />
            <CompileFile command="/usr/bin/gmake -f &quot;/home/dae/data/lab02/wordcount/Makefile&quot;  VERBOSE=1 &quot;$file&quot;" />
            <Clean command="/usr/bin/gmake -f &quot;/home/dae/data/lab02/wordcount/Makefile&quot;  VERBOSE=1 clean" />
            <DistClean command="/usr/bin/gmake -f &quot;/home/dae/data/lab02/wordcount/Makefile&quot;  VERBOSE=1 clean" />
         </MakeCommands>
      </Target>
      <Target title="edit_cache">
         <Option working_dir="/home/dae/data/lab02/wordcount" />
         <Option type="4" />
         <MakeCommands>
            <Build command="/usr/bin/gmake -f &quot;/home/dae/data/lab02/wordcount/Makefile&quot;  VERBOSE=1 edit_cache" />
            <CompileFile command="/usr/bin/gmake -f &quot;/home/dae/data/lab02/wordcount/Makefile&quot;  VERBOSE=1 &quot;$file&quot;" />
            <Clean command="/usr/bin/gmake -f &quot;/home/dae/data/lab02/wordcount/Makefile&quot;  VERBOSE=1 clean" />
            <DistClean command="/usr/bin/gmake -f &quot;/home/dae/data/lab02/wordcount/Makefile&quot;  VERBOSE=1 clean" />
         </MakeCommands>
      </Target>
      <Target title="rebuild_cache">
         <Option working_dir="/home/dae/data/lab02/wordcount" />
         <Option type="4" />
         <MakeCommands>
            <Build command="/usr/bin/gmake -f &quot;/home/dae/data/lab02/wordcount/Makefile&quot;  VERBOSE=1 rebuild_cache" />
            <CompileFile command="/usr/bin/gmake -f &quot;/home/dae/data/lab02/wordcount/Makefile&quot;  VERBOSE=1 &quot;$file&quot;" />
            <Clean command="/usr/bin/gmake -f &quot;/home/dae/data/lab02/wordcount/Makefile&quot;  VERBOSE=1 clean" />
            <DistClean command="/usr/bin/gmake -f &quot;/home/dae/data/lab02/wordcount/Makefile&quot;  VERBOSE=1 clean" />
         </MakeCommands>
      </Target>
      <Target title="wordcount">
         <Option output="/home/dae/data/lab02/wordcount/wordcount" prefix_auto="0" extension_auto="0" />
         <Option working_dir="/home/dae/data/lab02/wordcount" />
         <Option object_output="./" />
         <Option type="1" />
         <Option compiler="gcc" />
         <Compiler>
            <Add directory="/usr/include" />
            <Add directory="/usr/include/c++/4.7" />
            <Add directory="/usr/include/c++/4.7/backward" />
            <Add directory="/usr/include/c++/4.7/x86_64-suse-linux" />
            <Add directory="/usr/lib64/gcc/x86_64-suse-linux/4.7/../../../../x86_64-suse-linux/include" />
            <Add directory="/usr/lib64/gcc/x86_64-suse-linux/4.7/include" />
            <Add directory="/usr/lib64/gcc/x86_64-suse-linux/4.7/include-fixed" />
            <Add directory="/usr/local/include" />
         </Compiler>
         <MakeCommands>
            <Build command="/usr/bin/gmake -f &quot;/home/dae/data/lab02/wordcount/Makefile&quot;  VERBOSE=1 wordcount" />
            <CompileFile command="/usr/bin/gmake -f &quot;/home/dae/data/lab02/wordcount/Makefile&quot;  VERBOSE=1 &quot;$file&quot;" />
            <Clean command="/usr/bin/gmake -f &quot;/home/dae/data/lab02/wordcount/Makefile&quot;  VERBOSE=1 clean" />
            <DistClean command="/usr/bin/gmake -f &quot;/home/dae/data/lab02/wordcount/Makefile&quot;  VERBOSE=1 clean" />
         </MakeCommands>
      </Target>
      <Target title="wordcount/fast">
         <Option output="/home/dae/data/lab02/wordcount/wordcount" prefix_auto="0" extension_auto="0" />
         <Option working_dir="/home/dae/data/lab02/wordcount" />
         <Option object_output="./" />
         <Option type="1" />
         <Option compiler="gcc" />
         <Compiler>
            <Add directory="/usr/include" />
            <Add directory="/usr/include/c++/4.7" />
            <Add directory="/usr/include/c++/4.7/backward" />
            <Add directory="/usr/include/c++/4.7/x86_64-suse-linux" />
            <Add directory="/usr/lib64/gcc/x86_64-suse-linux/4.7/../../../../x86_64-suse-linux/include" />
            <Add directory="/usr/lib64/gcc/x86_64-suse-linux/4.7/include" />
            <Add directory="/usr/lib64/gcc/x86_64-suse-linux/4.7/include-fixed" />
            <Add directory="/usr/local/include" />
         </Compiler>
         <MakeCommands>
            <Build command="/usr/bin/gmake -f &quot;/home/dae/data/lab02/wordcount/Makefile&quot;  VERBOSE=1 wordcount/fast" />
            <CompileFile command="/usr/bin/gmake -f &quot;/home/dae/data/lab02/wordcount/Makefile&quot;  VERBOSE=1 &quot;$file&quot;" />
            <Clean command="/usr/bin/gmake -f &quot;/home/dae/data/lab02/wordcount/Makefile&quot;  VERBOSE=1 clean" />
            <DistClean command="/usr/bin/gmake -f &quot;/home/dae/data/lab02/wordcount/Makefile&quot;  VERBOSE=1 clean" />
         </MakeCommands>
      </Target>
      </Build>
      <Unit filename="/home/dae/data/lab02/wordcount/main.cpp">
      </Unit>
      <Unit filename="/home/dae/data/lab02/wordcount/Tokenizer.h">
      </Unit>
      <Unit filename="/home/dae/data/lab02/wordcount/CMakeLists.txt">
          <Option virtualFolder="CMake Files\" />
      </Unit>
   </Project>
</CodeBlocks_project_file>
